
Microsoft Visual Studio Solution File, Format Version 12.00
# Visual Studio Version 17
VisualStudioVersion = 17.10.35027.167
MinimumVisualStudioVersion = 10.0.40219.1
Project("{FAE04EC0-301F-11D3-BF4B-00C04F79EFBC}") = "CurriculumVitae.Server", "CurriculumVitae.Server\CurriculumVitae.Server.csproj", "{D4D87387-ECD5-4B66-B2EE-9AE08065FF8A}"
EndProject
Project("{54A90642-561A-4BB1-A94E-469ADEE60C69}") = "curriculumvitae.client", "curriculumvitae.client\curriculumvitae.client.esproj", "{D6C7113F-83F5-4707-AD85-CFB0ABA70FFC}"
EndProject
Global
	GlobalSection(SolutionConfigurationPlatforms) = preSolution
		Debug|Any CPU = Debug|Any CPU
		Release|Any CPU = Release|Any CPU
	EndGlobalSection
	GlobalSection(ProjectConfigurationPlatforms) = postSolution
		{D4D87387-ECD5-4B66-B2EE-9AE08065FF8A}.Debug|Any CPU.ActiveCfg = Debug|Any CPU
		{D4D87387-ECD5-4B66-B2EE-9AE08065FF8A}.Debug|Any CPU.Build.0 = Debug|Any CPU
		{D4D87387-ECD5-4B66-B2EE-9AE08065FF8A}.Release|Any CPU.ActiveCfg = Release|Any CPU
		{D4D87387-ECD5-4B66-B2EE-9AE08065FF8A}.Release|Any CPU.Build.0 = Release|Any CPU
		{D6C7113F-83F5-4707-AD85-CFB0ABA70FFC}.Debug|Any CPU.ActiveCfg = Debug|Any CPU
		{D6C7113F-83F5-4707-AD85-CFB0ABA70FFC}.Debug|Any CPU.Build.0 = Debug|Any CPU
		{D6C7113F-83F5-4707-AD85-CFB0ABA70FFC}.Debug|Any CPU.Deploy.0 = Debug|Any CPU
		{D6C7113F-83F5-4707-AD85-CFB0ABA70FFC}.Release|Any CPU.ActiveCfg = Release|Any CPU
		{D6C7113F-83F5-4707-AD85-CFB0ABA70FFC}.Release|Any CPU.Build.0 = Release|Any CPU
		{D6C7113F-83F5-4707-AD85-CFB0ABA70FFC}.Release|Any CPU.Deploy.0 = Release|Any CPU
	EndGlobalSection
	GlobalSection(SolutionProperties) = preSolution
		HideSolutionNode = FALSE
	EndGlobalSection
	GlobalSection(ExtensibilityGlobals) = postSolution
		SolutionGuid = {5EA114B8-52E0-4A94-BF45-EA1025A19D71}
	EndGlobalSection
EndGlobal
